
Microsoft Visual Studio Solution File, Format Version 12.00
# Visual Studio Version 16
VisualStudioVersion = 16.0.30406.217
MinimumVisualStudioVersion = 10.0.40219.1
Project("{FAE04EC0-301F-11D3-BF4B-00C04F79EFBC}") = "CelsusLibrary", "CelsusLibrary\CelsusLibrary.csproj", "{4BDFC8F1-AEBF-4727-B179-9F501B5ED19E}"
EndProject
Global
	GlobalSection(SolutionConfigurationPlatforms) = preSolution
		Debug|Any CPU = Debug|Any CPU
		Release|Any CPU = Release|Any CPU
	EndGlobalSection
	GlobalSection(ProjectConfigurationPlatforms) = postSolution
		{4BDFC8F1-AEBF-4727-B179-9F501B5ED19E}.Debug|Any CPU.ActiveCfg = Debug|Any CPU
		{4BDFC8F1-AEBF-4727-B179-9F501B5ED19E}.Debug|Any CPU.Build.0 = Debug|Any CPU
		{4BDFC8F1-AEBF-4727-B179-9F501B5ED19E}.Release|Any CPU.ActiveCfg = Release|Any CPU
		{4BDFC8F1-AEBF-4727-B179-9F501B5ED19E}.Release|Any CPU.Build.0 = Release|Any CPU
	EndGlobalSection
	GlobalSection(SolutionProperties) = preSolution
		HideSolutionNode = FALSE
	EndGlobalSection
	GlobalSection(ExtensibilityGlobals) = postSolution
		SolutionGuid = {3CBDB854-4DA8-493E-88F7-E162DB1F5036}
	EndGlobalSection
EndGlobal
